
Microsoft Visual Studio Solution File, Format Version 12.00
# Visual Studio 15
VisualStudioVersion = 15.0.26730.16
MinimumVisualStudioVersion = 10.0.40219.1
Project("{FAE04EC0-301F-11D3-BF4B-00C04F79EFBC}") = "InvisibleWords", "InvisibleWords\InvisibleWords.csproj", "{1226FF93-6B7A-4B24-98E5-584DEA34A1B6}"
EndProject
Global
	GlobalSection(SolutionConfigurationPlatforms) = preSolution
		Debug|Any CPU = Debug|Any CPU
		Release|Any CPU = Release|Any CPU
	EndGlobalSection
	GlobalSection(ProjectConfigurationPlatforms) = postSolution
		{1226FF93-6B7A-4B24-98E5-584DEA34A1B6}.Debug|Any CPU.ActiveCfg = Debug|Any CPU
		{1226FF93-6B7A-4B24-98E5-584DEA34A1B6}.Debug|Any CPU.Build.0 = Debug|Any CPU
		{1226FF93-6B7A-4B24-98E5-584DEA34A1B6}.Release|Any CPU.ActiveCfg = Release|Any CPU
		{1226FF93-6B7A-4B24-98E5-584DEA34A1B6}.Release|Any CPU.Build.0 = Release|Any CPU
	EndGlobalSection
	GlobalSection(SolutionProperties) = preSolution
		HideSolutionNode = FALSE
	EndGlobalSection
	GlobalSection(ExtensibilityGlobals) = postSolution
		SolutionGuid = {444EE770-8EB2-44A8-99D8-1177FFB760F1}
	EndGlobalSection
EndGlobal
